
Microsoft Visual Studio Solution File, Format Version 12.00
# Visual Studio Version 16
VisualStudioVersion = 16.0.30523.141
MinimumVisualStudioVersion = 10.0.40219.1
Project("{FAE04EC0-301F-11D3-BF4B-00C04F79EFBC}") = "Kursovaya", "Kursovaya\Kursovaya.csproj", "{16841652-7A0B-4789-88B7-9E917A0D0E67}"
EndProject
Global
	GlobalSection(SolutionConfigurationPlatforms) = preSolution
		Debug|Any CPU = Debug|Any CPU
		Release|Any CPU = Release|Any CPU
	EndGlobalSection
	GlobalSection(ProjectConfigurationPlatforms) = postSolution
		{16841652-7A0B-4789-88B7-9E917A0D0E67}.Debug|Any CPU.ActiveCfg = Debug|Any CPU
		{16841652-7A0B-4789-88B7-9E917A0D0E67}.Debug|Any CPU.Build.0 = Debug|Any CPU
		{16841652-7A0B-4789-88B7-9E917A0D0E67}.Release|Any CPU.ActiveCfg = Release|Any CPU
		{16841652-7A0B-4789-88B7-9E917A0D0E67}.Release|Any CPU.Build.0 = Release|Any CPU
	EndGlobalSection
	GlobalSection(SolutionProperties) = preSolution
		HideSolutionNode = FALSE
	EndGlobalSection
	GlobalSection(ExtensibilityGlobals) = postSolution
		SolutionGuid = {246F32CF-1BFE-49DF-944D-ED0AA884FB21}
	EndGlobalSection
EndGlobal
